// !$*UTF8*$!
{
	archiveVersion = 1;
	classes = {
	};
	objectVersion = 46;
	objects = {

/* Begin PBXBuildFile section */
		AE51FF581E08BD9B00B76BE0 /* LoginVC.m in Sources */ = {isa = PBXBuildFile; fileRef = AE51FF561E08BD9B00B76BE0 /* LoginVC.m */; };
		AE51FF591E08BD9B00B76BE0 /* LoginVC.xib in Resources */ = {isa = PBXBuildFile; fileRef = AE51FF571E08BD9B00B76BE0 /* LoginVC.xib */; };
		AE51FF5D1E08BDAF00B76BE0 /* RegisterVC.m in Sources */ = {isa = PBXBuildFile; fileRef = AE51FF5B1E08BDAF00B76BE0 /* RegisterVC.m */; };
		AE51FF5E1E08BDAF00B76BE0 /* RegisterVC.xib in Resources */ = {isa = PBXBuildFile; fileRef = AE51FF5C1E08BDAF00B76BE0 /* RegisterVC.xib */; };
		AE5B32F11DEFC64D006159BD /* NextVC.m in Sources */ = {isa = PBXBuildFile; fileRef = AE5B32F01DEFC64D006159BD /* NextVC.m */; };
		AE6503281E08C8760001A633 /* ChangePwdVC.m in Sources */ = {isa = PBXBuildFile; fileRef = AE6503261E08C8760001A633 /* ChangePwdVC.m */; };
		AE6503291E08C8760001A633 /* ChangePwdVC.xib in Resources */ = {isa = PBXBuildFile; fileRef = AE6503271E08C8760001A633 /* ChangePwdVC.xib */; };
		AE65032D1E08C9B00001A633 /* FindPwdVC.m in Sources */ = {isa = PBXBuildFile; fileRef = AE65032B1E08C9B00001A633 /* FindPwdVC.m */; };
		AE65032E1E08C9B00001A633 /* FindPwdVC.xib in Resources */ = {isa = PBXBuildFile; fileRef = AE65032C1E08C9B00001A633 /* FindPwdVC.xib */; };
		AE6503371E08CAB60001A633 /* ChangeUserInfoVC.m in Sources */ = {isa = PBXBuildFile; fileRef = AE6503351E08CAB60001A633 /* ChangeUserInfoVC.m */; };
		AE6503381E08CAB60001A633 /* ChangeUserInfoVC.xib in Resources */ = {isa = PBXBuildFile; fileRef = AE6503361E08CAB60001A633 /* ChangeUserInfoVC.xib */; };
		AE65033C1E08CE0E0001A633 /* SuggestionVC.m in Sources */ = {isa = PBXBuildFile; fileRef = AE65033A1E08CE0E0001A633 /* SuggestionVC.m */; };
		AE65033D1E08CE0E0001A633 /* SuggestionVC.xib in Resources */ = {isa = PBXBuildFile; fileRef = AE65033B1E08CE0E0001A633 /* SuggestionVC.xib */; };
		AE6503411E08CF780001A633 /* WebDetailVC.m in Sources */ = {isa = PBXBuildFile; fileRef = AE65033F1E08CF780001A633 /* WebDetailVC.m */; };
		AE6503421E08CF780001A633 /* WebDetailVC.xib in Resources */ = {isa = PBXBuildFile; fileRef = AE6503401E08CF780001A633 /* WebDetailVC.xib */; };
		AE65034B1E08D2320001A633 /* ThirdPartyBindingVC.m in Sources */ = {isa = PBXBuildFile; fileRef = AE6503491E08D2320001A633 /* ThirdPartyBindingVC.m */; };
		AE65034C1E08D2320001A633 /* ThirdPartyBindingVC.xib in Resources */ = {isa = PBXBuildFile; fileRef = AE65034A1E08D2320001A633 /* ThirdPartyBindingVC.xib */; };
		AE6503501E08D2AF0001A633 /* PushDetailVC.m in Sources */ = {isa = PBXBuildFile; fileRef = AE65034E1E08D2AF0001A633 /* PushDetailVC.m */; };
		AE6503511E08D2AF0001A633 /* PushDetailVC.xib in Resources */ = {isa = PBXBuildFile; fileRef = AE65034F1E08D2AF0001A633 /* PushDetailVC.xib */; };
		AE78A9071DD4276700869859 /* Guide.docx in Resources */ = {isa = PBXBuildFile; fileRef = AE78A9061DD4276700869859 /* Guide.docx */; };
		AE78A90A1DD4709900869859 /* BadCode.m in Sources */ = {isa = PBXBuildFile; fileRef = AE78A9091DD4709900869859 /* BadCode.m */; };
		AE80F79B1DFA96A300D2B3D7 /* BPWebViewVC.m in Sources */ = {isa = PBXBuildFile; fileRef = AE80F7841DFA96A300D2B3D7 /* BPWebViewVC.m */; };
		AE80F79C1DFA96A300D2B3D7 /* BPWebViewVC.xib in Resources */ = {isa = PBXBuildFile; fileRef = AE80F7851DFA96A300D2B3D7 /* BPWebViewVC.xib */; };
		AE80F79D1DFA96A300D2B3D7 /* BPAddressModel.m in Sources */ = {isa = PBXBuildFile; fileRef = AE80F7881DFA96A300D2B3D7 /* BPAddressModel.m */; };
		AE80F79E1DFA96A300D2B3D7 /* BPUserModel.m in Sources */ = {isa = PBXBuildFile; fileRef = AE80F78A1DFA96A300D2B3D7 /* BPUserModel.m */; };
		AE80F79F1DFA96A300D2B3D7 /* BPWebModel.m in Sources */ = {isa = PBXBuildFile; fileRef = AE80F78C1DFA96A300D2B3D7 /* BPWebModel.m */; };
		AE80F7A01DFA96A300D2B3D7 /* BPLaunchAd.m in Sources */ = {isa = PBXBuildFile; fileRef = AE80F78F1DFA96A300D2B3D7 /* BPLaunchAd.m */; };
		AE80F7B71DFA971F00D2B3D7 /* BPDB.m in Sources */ = {isa = PBXBuildFile; fileRef = AE80F7B11DFA971F00D2B3D7 /* BPDB.m */; };
		AE80F7B81DFA971F00D2B3D7 /* BPInterface.m in Sources */ = {isa = PBXBuildFile; fileRef = AE80F7B31DFA971F00D2B3D7 /* BPInterface.m */; };
		AE80F7B91DFA971F00D2B3D7 /* BPUtil.m in Sources */ = {isa = PBXBuildFile; fileRef = AE80F7B51DFA971F00D2B3D7 /* BPUtil.m */; };
		AE80F7BC1DFA992800D2B3D7 /* BPThirdParty.m in Sources */ = {isa = PBXBuildFile; fileRef = AE80F7BB1DFA992800D2B3D7 /* BPThirdParty.m */; };
		AE80F7C41DFA99B700D2B3D7 /* BPAlertView.m in Sources */ = {isa = PBXBuildFile; fileRef = AE80F7BE1DFA99B700D2B3D7 /* BPAlertView.m */; };
		AE80F7C51DFA99B700D2B3D7 /* BPAlertView.xib in Resources */ = {isa = PBXBuildFile; fileRef = AE80F7BF1DFA99B700D2B3D7 /* BPAlertView.xib */; };
		AE80F7C61DFA99B700D2B3D7 /* BPTouchScrollView.m in Sources */ = {isa = PBXBuildFile; fileRef = AE80F7C11DFA99B700D2B3D7 /* BPTouchScrollView.m */; };
		AE80F7C71DFA99B700D2B3D7 /* BPTouchTableView.m in Sources */ = {isa = PBXBuildFile; fileRef = AE80F7C31DFA99B700D2B3D7 /* BPTouchTableView.m */; };
		AE828DEC1DD569D700235DC6 /* BPInterfaceTests.m in Sources */ = {isa = PBXBuildFile; fileRef = AE828DEB1DD569D700235DC6 /* BPInterfaceTests.m */; };
		AE828DEE1DD569E500235DC6 /* BPDBTests.m in Sources */ = {isa = PBXBuildFile; fileRef = AE828DED1DD569E500235DC6 /* BPDBTests.m */; };
		AE89995F1DDC522E00FF768E /* Base64.m in Sources */ = {isa = PBXBuildFile; fileRef = AE89995C1DDC522E00FF768E /* Base64.m */; };
		AE8999601DDC522E00FF768E /* NSData+AES.m in Sources */ = {isa = PBXBuildFile; fileRef = AE89995E1DDC522E00FF768E /* NSData+AES.m */; };
		AE9D850C1DCDA60300CAF67F /* AppDelegate.m in Sources */ = {isa = PBXBuildFile; fileRef = AE9D84F21DCDA60300CAF67F /* AppDelegate.m */; };
		AE9D850F1DCDA60300CAF67F /* Assets.xcassets in Resources */ = {isa = PBXBuildFile; fileRef = AE9D84F91DCDA60300CAF67F /* Assets.xcassets */; };
		AE9D85101DCDA60300CAF67F /* LaunchScreen.storyboard in Resources */ = {isa = PBXBuildFile; fileRef = AE9D84FA1DCDA60300CAF67F /* LaunchScreen.storyboard */; };
		AE9D85131DCDA60300CAF67F /* main.m in Sources */ = {isa = PBXBuildFile; fileRef = AE9D84FF1DCDA60300CAF67F /* main.m */; };
		AE9D851C1DCDCA7000CAF67F /* BPHookUtil.m in Sources */ = {isa = PBXBuildFile; fileRef = AE9D851B1DCDCA7000CAF67F /* BPHookUtil.m */; };
		AE9D851E1DCDCD8800CAF67F /* UserStatistic.plist in Resources */ = {isa = PBXBuildFile; fileRef = AE9D851D1DCDCD8800CAF67F /* UserStatistic.plist */; };
		AE9D85231DCDCDFD00CAF67F /* UIControl+InjectStatisticSpot.m in Sources */ = {isa = PBXBuildFile; fileRef = AE9D85201DCDCDFD00CAF67F /* UIControl+InjectStatisticSpot.m */; };
		AE9D85241DCDCDFD00CAF67F /* UIViewController+InjectStatisticSpot.m in Sources */ = {isa = PBXBuildFile; fileRef = AE9D85221DCDCDFD00CAF67F /* UIViewController+InjectStatisticSpot.m */; };
		AE9D85271DCDD5BA00CAF67F /* BPCatchCrash.m in Sources */ = {isa = PBXBuildFile; fileRef = AE9D85261DCDD5BA00CAF67F /* BPCatchCrash.m */; };
		AEC02F851DD04C1700710A62 /* InfoPlist.strings in Resources */ = {isa = PBXBuildFile; fileRef = AEC02F871DD04C1700710A62 /* InfoPlist.strings */; };
		AEC02F8C1DD0532C00710A62 /* Localizable.strings in Resources */ = {isa = PBXBuildFile; fileRef = AEC02F8E1DD0532C00710A62 /* Localizable.strings */; };
		AEC02F9F1DD059EA00710A62 /* avatar@2x.png in Resources */ = {isa = PBXBuildFile; fileRef = AEC02FA11DD059EA00710A62 /* avatar@2x.png */; };
		AEC218DE1DF4F8AF0072F6FF /* libBaiduMobStat.a in Frameworks */ = {isa = PBXBuildFile; fileRef = AEC218DD1DF4F8AF0072F6FF /* libBaiduMobStat.a */; };
		AEC218E01DF4F8EE0072F6FF /* JavaScriptCore.framework in Frameworks */ = {isa = PBXBuildFile; fileRef = AEC218DF1DF4F8EE0072F6FF /* JavaScriptCore.framework */; };
		AEC218E21DF4F8F80072F6FF /* Security.framework in Frameworks */ = {isa = PBXBuildFile; fileRef = AEC218E11DF4F8F80072F6FF /* Security.framework */; };
		AEC218E41DF4F8FF0072F6FF /* CoreLocation.framework in Frameworks */ = {isa = PBXBuildFile; fileRef = AEC218E31DF4F8FF0072F6FF /* CoreLocation.framework */; };
		AEC218E61DF4F9040072F6FF /* SystemConfiguration.framework in Frameworks */ = {isa = PBXBuildFile; fileRef = AEC218E51DF4F9040072F6FF /* SystemConfiguration.framework */; };
		AEC218E81DF4F90B0072F6FF /* CoreTelephony.framework in Frameworks */ = {isa = PBXBuildFile; fileRef = AEC218E71DF4F90B0072F6FF /* CoreTelephony.framework */; };
		AEC218EA1DF4F9110072F6FF /* CoreGraphics.framework in Frameworks */ = {isa = PBXBuildFile; fileRef = AEC218E91DF4F9110072F6FF /* CoreGraphics.framework */; };
		AEC218EC1DF4F9170072F6FF /* UIKit.framework in Frameworks */ = {isa = PBXBuildFile; fileRef = AEC218EB1DF4F9170072F6FF /* UIKit.framework */; };
		AEC218EE1DF4F91F0072F6FF /* Foundation.framework in Frameworks */ = {isa = PBXBuildFile; fileRef = AEC218ED1DF4F91F0072F6FF /* Foundation.framework */; };
		AEC218F01DF4F9270072F6FF /* libz.1.2.5.tbd in Frameworks */ = {isa = PBXBuildFile; fileRef = AEC218EF1DF4F9270072F6FF /* libz.1.2.5.tbd */; };
		AEC218F21DF4F9300072F6FF /* libstdc++.tbd in Frameworks */ = {isa = PBXBuildFile; fileRef = AEC218F11DF4F9300072F6FF /* libstdc++.tbd */; };
		AEC218F71DF5012F0072F6FF /* jcore-ios-1.0.0.a in Frameworks */ = {isa = PBXBuildFile; fileRef = AEC218F41DF5012F0072F6FF /* jcore-ios-1.0.0.a */; };
		AEC218F81DF5012F0072F6FF /* jpush-ios-3.0.0.a in Frameworks */ = {isa = PBXBuildFile; fileRef = AEC218F51DF5012F0072F6FF /* jpush-ios-3.0.0.a */; };
		AEC218FA1DF5025A0072F6FF /* CFNetwork.framework in Frameworks */ = {isa = PBXBuildFile; fileRef = AEC218F91DF5025A0072F6FF /* CFNetwork.framework */; };
		AEC218FC1DF5026B0072F6FF /* CoreFoundation.framework in Frameworks */ = {isa = PBXBuildFile; fileRef = AEC218FB1DF5026B0072F6FF /* CoreFoundation.framework */; };
		AEC218FE1DF5029C0072F6FF /* libz.tbd in Frameworks */ = {isa = PBXBuildFile; fileRef = AEC218FD1DF5029C0072F6FF /* libz.tbd */; };
		AEC219001DF502A40072F6FF /* UserNotifications.framework in Frameworks */ = {isa = PBXBuildFile; fileRef = AEC218FF1DF502A40072F6FF /* UserNotifications.framework */; };
		AEC219021DF502AB0072F6FF /* libresolv.tbd in Frameworks */ = {isa = PBXBuildFile; fileRef = AEC219011DF502AB0072F6FF /* libresolv.tbd */; };
		AEC6C2CC1DD17B0F00F9ABA0 /* HZQPickerView.m in Sources */ = {isa = PBXBuildFile; fileRef = AEC6C2C81DD17B0F00F9ABA0 /* HZQPickerView.m */; };
		AEC6C2CD1DD17B0F00F9ABA0 /* HZQPickerView.xib in Resources */ = {isa = PBXBuildFile; fileRef = AEC6C2C91DD17B0F00F9ABA0 /* HZQPickerView.xib */; };
		AEC6C3071DD1A68900F9ABA0 /* BaseProjectTests.m in Sources */ = {isa = PBXBuildFile; fileRef = AEC6C3061DD1A68900F9ABA0 /* BaseProjectTests.m */; };
		AED10FB51DE68D6700D0C7EE /* WJItemsControlView.m in Sources */ = {isa = PBXBuildFile; fileRef = AED10FB41DE68D6700D0C7EE /* WJItemsControlView.m */; };
		AED10FB81DE68DC200D0C7EE /* VideoVC.m in Sources */ = {isa = PBXBuildFile; fileRef = AED10FB71DE68DC200D0C7EE /* VideoVC.m */; };
		AED10FBB1DE68DD900D0C7EE /* MeVC.m in Sources */ = {isa = PBXBuildFile; fileRef = AED10FBA1DE68DD900D0C7EE /* MeVC.m */; };
		AED10FC01DE6910300D0C7EE /* ico_make.png in Resources */ = {isa = PBXBuildFile; fileRef = AED10FBD1DE6910300D0C7EE /* ico_make.png */; };
		AED10FC11DE6910300D0C7EE /* JSDropDownMenu.m in Sources */ = {isa = PBXBuildFile; fileRef = AED10FBF1DE6910300D0C7EE /* JSDropDownMenu.m */; };
		AED7E7891DD301350034DDDE /* HomepageVC.m in Sources */ = {isa = PBXBuildFile; fileRef = AED7E7881DD301350034DDDE /* HomepageVC.m */; };
		AEFC48131DE45EC5000B7772 /* HHAlertView.m in Sources */ = {isa = PBXBuildFile; fileRef = AEFC480F1DE45EC5000B7772 /* HHAlertView.m */; };
		AEFC48141DE45EC5000B7772 /* UIView+Draw.m in Sources */ = {isa = PBXBuildFile; fileRef = AEFC48121DE45EC5000B7772 /* UIView+Draw.m */; };
		B066CBE43F852159EAE0676A /* libPods-BaseProject.a in Frameworks */ = {isa = PBXBuildFile; fileRef = BB59F262626700FB9A0D14FB /* libPods-BaseProject.a */; };
/* End PBXBuildFile section */

/* Begin PBXContainerItemProxy section */
		AEC6C3091DD1A68900F9ABA0 /* PBXContainerItemProxy */ = {
			isa = PBXContainerItemProxy;
			containerPortal = AE473E321DCD684900016040 /* Project object */;
			proxyType = 1;
			remoteGlobalIDString = AE473E391DCD684900016040;
			remoteInfo = BaseProject;
		};
/* End PBXContainerItemProxy section */

/* Begin PBXFileReference section */
		43C4864AB0CC3C3E1DEEE553 /* Pods-BaseProject.release.xcconfig */ = {isa = PBXFileReference; includeInIndex = 1; lastKnownFileType = text.xcconfig; name = "Pods-BaseProject.release.xcconfig"; path = "Pods/Target Support Files/Pods-BaseProject/Pods-BaseProject.release.xcconfig"; sourceTree = "<group>"; };
		A64EFFB3F224598667B2063F /* Pods-BaseProject.debug.xcconfig */ = {isa = PBXFileReference; includeInIndex = 1; lastKnownFileType = text.xcconfig; name = "Pods-BaseProject.debug.xcconfig"; path = "Pods/Target Support Files/Pods-BaseProject/Pods-BaseProject.debug.xcconfig"; sourceTree = "<group>"; };
		AE473E3A1DCD684900016040 /* BaseProject.app */ = {isa = PBXFileReference; explicitFileType = wrapper.application; includeInIndex = 0; path = BaseProject.app; sourceTree = BUILT_PRODUCTS_DIR; };
		AE51FF551E08BD9B00B76BE0 /* LoginVC.h */ = {isa = PBXFileReference; fileEncoding = 4; lastKnownFileType = sourcecode.c.h; path = LoginVC.h; sourceTree = "<group>"; };
		AE51FF561E08BD9B00B76BE0 /* LoginVC.m */ = {isa = PBXFileReference; fileEncoding = 4; lastKnownFileType = sourcecode.c.objc; path = LoginVC.m; sourceTree = "<group>"; };
		AE51FF571E08BD9B00B76BE0 /* LoginVC.xib */ = {isa = PBXFileReference; fileEncoding = 4; lastKnownFileType = file.xib; path = LoginVC.xib; sourceTree = "<group>"; };
		AE51FF5A1E08BDAF00B76BE0 /* RegisterVC.h */ = {isa = PBXFileReference; fileEncoding = 4; lastKnownFileType = sourcecode.c.h; path = RegisterVC.h; sourceTree = "<group>"; };
		AE51FF5B1E08BDAF00B76BE0 /* RegisterVC.m */ = {isa = PBXFileReference; fileEncoding = 4; lastKnownFileType = sourcecode.c.objc; path = RegisterVC.m; sourceTree = "<group>"; };
		AE51FF5C1E08BDAF00B76BE0 /* RegisterVC.xib */ = {isa = PBXFileReference; fileEncoding = 4; lastKnownFileType = file.xib; path = RegisterVC.xib; sourceTree = "<group>"; };
		AE5B32EF1DEFC64D006159BD /* NextVC.h */ = {isa = PBXFileReference; fileEncoding = 4; lastKnownFileType = sourcecode.c.h; path = NextVC.h; sourceTree = "<group>"; };
		AE5B32F01DEFC64D006159BD /* NextVC.m */ = {isa = PBXFileReference; fileEncoding = 4; lastKnownFileType = sourcecode.c.objc; path = NextVC.m; sourceTree = "<group>"; };
		AE6503251E08C8760001A633 /* ChangePwdVC.h */ = {isa = PBXFileReference; fileEncoding = 4; lastKnownFileType = sourcecode.c.h; path = ChangePwdVC.h; sourceTree = "<group>"; };
		AE6503261E08C8760001A633 /* ChangePwdVC.m */ = {isa = PBXFileReference; fileEncoding = 4; lastKnownFileType = sourcecode.c.objc; path = ChangePwdVC.m; sourceTree = "<group>"; };
		AE6503271E08C8760001A633 /* ChangePwdVC.xib */ = {isa = PBXFileReference; fileEncoding = 4; lastKnownFileType = file.xib; path = ChangePwdVC.xib; sourceTree = "<group>"; };
		AE65032A1E08C9B00001A633 /* FindPwdVC.h */ = {isa = PBXFileReference; fileEncoding = 4; lastKnownFileType = sourcecode.c.h; path = FindPwdVC.h; sourceTree = "<group>"; };
		AE65032B1E08C9B00001A633 /* FindPwdVC.m */ = {isa = PBXFileReference; fileEncoding = 4; lastKnownFileType = sourcecode.c.objc; path = FindPwdVC.m; sourceTree = "<group>"; };
		AE65032C1E08C9B00001A633 /* FindPwdVC.xib */ = {isa = PBXFileReference; fileEncoding = 4; lastKnownFileType = file.xib; path = FindPwdVC.xib; sourceTree = "<group>"; };
		AE6503341E08CAB60001A633 /* ChangeUserInfoVC.h */ = {isa = PBXFileReference; fileEncoding = 4; lastKnownFileType = sourcecode.c.h; path = ChangeUserInfoVC.h; sourceTree = "<group>"; };
		AE6503351E08CAB60001A633 /* ChangeUserInfoVC.m */ = {isa = PBXFileReference; fileEncoding = 4; lastKnownFileType = sourcecode.c.objc; path = ChangeUserInfoVC.m; sourceTree = "<group>"; };
		AE6503361E08CAB60001A633 /* ChangeUserInfoVC.xib */ = {isa = PBXFileReference; fileEncoding = 4; lastKnownFileType = file.xib; path = ChangeUserInfoVC.xib; sourceTree = "<group>"; };
		AE6503391E08CE0E0001A633 /* SuggestionVC.h */ = {isa = PBXFileReference; fileEncoding = 4; lastKnownFileType = sourcecode.c.h; path = SuggestionVC.h; sourceTree = "<group>"; };
		AE65033A1E08CE0E0001A633 /* SuggestionVC.m */ = {isa = PBXFileReference; fileEncoding = 4; lastKnownFileType = sourcecode.c.objc; path = SuggestionVC.m; sourceTree = "<group>"; };
		AE65033B1E08CE0E0001A633 /* SuggestionVC.xib */ = {isa = PBXFileReference; fileEncoding = 4; lastKnownFileType = file.xib; path = SuggestionVC.xib; sourceTree = "<group>"; };
		AE65033E1E08CF780001A633 /* WebDetailVC.h */ = {isa = PBXFileReference; fileEncoding = 4; lastKnownFileType = sourcecode.c.h; path = WebDetailVC.h; sourceTree = "<group>"; };
		AE65033F1E08CF780001A633 /* WebDetailVC.m */ = {isa = PBXFileReference; fileEncoding = 4; lastKnownFileType = sourcecode.c.objc; path = WebDetailVC.m; sourceTree = "<group>"; };
		AE6503401E08CF780001A633 /* WebDetailVC.xib */ = {isa = PBXFileReference; fileEncoding = 4; lastKnownFileType = file.xib; path = WebDetailVC.xib; sourceTree = "<group>"; };
		AE6503481E08D2320001A633 /* ThirdPartyBindingVC.h */ = {isa = PBXFileReference; fileEncoding = 4; lastKnownFileType = sourcecode.c.h; path = ThirdPartyBindingVC.h; sourceTree = "<group>"; };
		AE6503491E08D2320001A633 /* ThirdPartyBindingVC.m */ = {isa = PBXFileReference; fileEncoding = 4; lastKnownFileType = sourcecode.c.objc; path = ThirdPartyBindingVC.m; sourceTree = "<group>"; };
		AE65034A1E08D2320001A633 /* ThirdPartyBindingVC.xib */ = {isa = PBXFileReference; fileEncoding = 4; lastKnownFileType = file.xib; path = ThirdPartyBindingVC.xib; sourceTree = "<group>"; };
		AE65034D1E08D2AF0001A633 /* PushDetailVC.h */ = {isa = PBXFileReference; fileEncoding = 4; lastKnownFileType = sourcecode.c.h; path = PushDetailVC.h; sourceTree = "<group>"; };
		AE65034E1E08D2AF0001A633 /* PushDetailVC.m */ = {isa = PBXFileReference; fileEncoding = 4; lastKnownFileType = sourcecode.c.objc; path = PushDetailVC.m; sourceTree = "<group>"; };
		AE65034F1E08D2AF0001A633 /* PushDetailVC.xib */ = {isa = PBXFileReference; fileEncoding = 4; lastKnownFileType = file.xib; path = PushDetailVC.xib; sourceTree = "<group>"; };
		AE78A9061DD4276700869859 /* Guide.docx */ = {isa = PBXFileReference; lastKnownFileType = file; path = Guide.docx; sourceTree = "<group>"; };
		AE78A9081DD4709900869859 /* BadCode.h */ = {isa = PBXFileReference; fileEncoding = 4; lastKnownFileType = sourcecode.c.h; path = BadCode.h; sourceTree = "<group>"; };
		AE78A9091DD4709900869859 /* BadCode.m */ = {isa = PBXFileReference; fileEncoding = 4; lastKnownFileType = sourcecode.c.objc; path = BadCode.m; sourceTree = "<group>"; };
		AE80F7831DFA96A300D2B3D7 /* BPWebViewVC.h */ = {isa = PBXFileReference; fileEncoding = 4; lastKnownFileType = sourcecode.c.h; path = BPWebViewVC.h; sourceTree = "<group>"; };
		AE80F7841DFA96A300D2B3D7 /* BPWebViewVC.m */ = {isa = PBXFileReference; fileEncoding = 4; lastKnownFileType = sourcecode.c.objc; path = BPWebViewVC.m; sourceTree = "<group>"; };
		AE80F7851DFA96A300D2B3D7 /* BPWebViewVC.xib */ = {isa = PBXFileReference; fileEncoding = 4; lastKnownFileType = file.xib; path = BPWebViewVC.xib; sourceTree = "<group>"; };
		AE80F7871DFA96A300D2B3D7 /* BPAddressModel.h */ = {isa = PBXFileReference; fileEncoding = 4; lastKnownFileType = sourcecode.c.h; path = BPAddressModel.h; sourceTree = "<group>"; };
		AE80F7881DFA96A300D2B3D7 /* BPAddressModel.m */ = {isa = PBXFileReference; fileEncoding = 4; lastKnownFileType = sourcecode.c.objc; path = BPAddressModel.m; sourceTree = "<group>"; };
		AE80F7891DFA96A300D2B3D7 /* BPUserModel.h */ = {isa = PBXFileReference; fileEncoding = 4; lastKnownFileType = sourcecode.c.h; path = BPUserModel.h; sourceTree = "<group>"; };
		AE80F78A1DFA96A300D2B3D7 /* BPUserModel.m */ = {isa = PBXFileReference; fileEncoding = 4; lastKnownFileType = sourcecode.c.objc; path = BPUserModel.m; sourceTree = "<group>"; };
		AE80F78B1DFA96A300D2B3D7 /* BPWebModel.h */ = {isa = PBXFileReference; fileEncoding = 4; lastKnownFileType = sourcecode.c.h; path = BPWebModel.h; sourceTree = "<group>"; };
		AE80F78C1DFA96A300D2B3D7 /* BPWebModel.m */ = {isa = PBXFileReference; fileEncoding = 4; lastKnownFileType = sourcecode.c.objc; path = BPWebModel.m; sourceTree = "<group>"; };
		AE80F78E1DFA96A300D2B3D7 /* BPLaunchAd.h */ = {isa = PBXFileReference; fileEncoding = 4; lastKnownFileType = sourcecode.c.h; path = BPLaunchAd.h; sourceTree = "<group>"; };
		AE80F78F1DFA96A300D2B3D7 /* BPLaunchAd.m */ = {isa = PBXFileReference; fileEncoding = 4; lastKnownFileType = sourcecode.c.objc; path = BPLaunchAd.m; sourceTree = "<group>"; };
		AE80F7B01DFA971F00D2B3D7 /* BPDB.h */ = {isa = PBXFileReference; fileEncoding = 4; lastKnownFileType = sourcecode.c.h; path = BPDB.h; sourceTree = "<group>"; };
		AE80F7B11DFA971F00D2B3D7 /* BPDB.m */ = {isa = PBXFileReference; fileEncoding = 4; lastKnownFileType = sourcecode.c.objc; path = BPDB.m; sourceTree = "<group>"; };
		AE80F7B21DFA971F00D2B3D7 /* BPInterface.h */ = {isa = PBXFileReference; fileEncoding = 4; lastKnownFileType = sourcecode.c.h; path = BPInterface.h; sourceTree = "<group>"; };
		AE80F7B31DFA971F00D2B3D7 /* BPInterface.m */ = {isa = PBXFileReference; fileEncoding = 4; lastKnownFileType = sourcecode.c.objc; path = BPInterface.m; sourceTree = "<group>"; };
		AE80F7B41DFA971F00D2B3D7 /* BPUtil.h */ = {isa = PBXFileReference; fileEncoding = 4; lastKnownFileType = sourcecode.c.h; path = BPUtil.h; sourceTree = "<group>"; };
		AE80F7B51DFA971F00D2B3D7 /* BPUtil.m */ = {isa = PBXFileReference; fileEncoding = 4; lastKnownFileType = sourcecode.c.objc; path = BPUtil.m; sourceTree = "<group>"; };
		AE80F7B61DFA971F00D2B3D7 /* PrefixHeader.pch */ = {isa = PBXFileReference; fileEncoding = 4; lastKnownFileType = sourcecode.c.h; path = PrefixHeader.pch; sourceTree = "<group>"; };
		AE80F7BA1DFA992800D2B3D7 /* BPThirdParty.h */ = {isa = PBXFileReference; fileEncoding = 4; lastKnownFileType = sourcecode.c.h; path = BPThirdParty.h; sourceTree = "<group>"; };
		AE80F7BB1DFA992800D2B3D7 /* BPThirdParty.m */ = {isa = PBXFileReference; fileEncoding = 4; lastKnownFileType = sourcecode.c.objc; path = BPThirdParty.m; sourceTree = "<group>"; };
		AE80F7BD1DFA99B700D2B3D7 /* BPAlertView.h */ = {isa = PBXFileReference; fileEncoding = 4; lastKnownFileType = sourcecode.c.h; path = BPAlertView.h; sourceTree = "<group>"; };
		AE80F7BE1DFA99B700D2B3D7 /* BPAlertView.m */ = {isa = PBXFileReference; fileEncoding = 4; lastKnownFileType = sourcecode.c.objc; path = BPAlertView.m; sourceTree = "<group>"; };
		AE80F7BF1DFA99B700D2B3D7 /* BPAlertView.xib */ = {isa = PBXFileReference; fileEncoding = 4; lastKnownFileType = file.xib; path = BPAlertView.xib; sourceTree = "<group>"; };
		AE80F7C01DFA99B700D2B3D7 /* BPTouchScrollView.h */ = {isa = PBXFileReference; fileEncoding = 4; lastKnownFileType = sourcecode.c.h; path = BPTouchScrollView.h; sourceTree = "<group>"; };
		AE80F7C11DFA99B700D2B3D7 /* BPTouchScrollView.m */ = {isa = PBXFileReference; fileEncoding = 4; lastKnownFileType = sourcecode.c.objc; path = BPTouchScrollView.m; sourceTree = "<group>"; };
		AE80F7C21DFA99B700D2B3D7 /* BPTouchTableView.h */ = {isa = PBXFileReference; fileEncoding = 4; lastKnownFileType = sourcecode.c.h; path = BPTouchTableView.h; sourceTree = "<group>"; };
		AE80F7C31DFA99B700D2B3D7 /* BPTouchTableView.m */ = {isa = PBXFileReference; fileEncoding = 4; lastKnownFileType = sourcecode.c.objc; path = BPTouchTableView.m; sourceTree = "<group>"; };
		AE828DEB1DD569D700235DC6 /* BPInterfaceTests.m */ = {isa = PBXFileReference; fileEncoding = 4; lastKnownFileType = sourcecode.c.objc; path = BPInterfaceTests.m; sourceTree = "<group>"; };
		AE828DED1DD569E500235DC6 /* BPDBTests.m */ = {isa = PBXFileReference; fileEncoding = 4; lastKnownFileType = sourcecode.c.objc; path = BPDBTests.m; sourceTree = "<group>"; };
		AE89995B1DDC522E00FF768E /* Base64.h */ = {isa = PBXFileReference; fileEncoding = 4; lastKnownFileType = sourcecode.c.h; path = Base64.h; sourceTree = "<group>"; };
		AE89995C1DDC522E00FF768E /* Base64.m */ = {isa = PBXFileReference; fileEncoding = 4; lastKnownFileType = sourcecode.c.objc; path = Base64.m; sourceTree = "<group>"; };
		AE89995D1DDC522E00FF768E /* NSData+AES.h */ = {isa = PBXFileReference; fileEncoding = 4; lastKnownFileType = sourcecode.c.h; path = "NSData+AES.h"; sourceTree = "<group>"; };
		AE89995E1DDC522E00FF768E /* NSData+AES.m */ = {isa = PBXFileReference; fileEncoding = 4; lastKnownFileType = sourcecode.c.objc; path = "NSData+AES.m"; sourceTree = "<group>"; };
		AE9D84F11DCDA60300CAF67F /* AppDelegate.h */ = {isa = PBXFileReference; fileEncoding = 4; lastKnownFileType = sourcecode.c.h; path = AppDelegate.h; sourceTree = "<group>"; };
		AE9D84F21DCDA60300CAF67F /* AppDelegate.m */ = {isa = PBXFileReference; fileEncoding = 4; lastKnownFileType = sourcecode.c.objc; path = AppDelegate.m; sourceTree = "<group>"; };
		AE9D84F91DCDA60300CAF67F /* Assets.xcassets */ = {isa = PBXFileReference; lastKnownFileType = folder.assetcatalog; path = Assets.xcassets; sourceTree = "<group>"; };
		AE9D84FB1DCDA60300CAF67F /* Base */ = {isa = PBXFileReference; lastKnownFileType = file.storyboard; name = Base; path = Base.lproj/LaunchScreen.storyboard; sourceTree = "<group>"; };
		AE9D84FE1DCDA60300CAF67F /* Info.plist */ = {isa = PBXFileReference; fileEncoding = 4; lastKnownFileType = text.plist.xml; path = Info.plist; sourceTree = "<group>"; };
		AE9D84FF1DCDA60300CAF67F /* main.m */ = {isa = PBXFileReference; fileEncoding = 4; lastKnownFileType = sourcecode.c.objc; path = main.m; sourceTree = "<group>"; };
		AE9D851A1DCDCA7000CAF67F /* BPHookUtil.h */ = {isa = PBXFileReference; fileEncoding = 4; lastKnownFileType = sourcecode.c.h; path = BPHookUtil.h; sourceTree = "<group>"; };
		AE9D851B1DCDCA7000CAF67F /* BPHookUtil.m */ = {isa = PBXFileReference; fileEncoding = 4; lastKnownFileType = sourcecode.c.objc; path = BPHookUtil.m; sourceTree = "<group>"; };
		AE9D851D1DCDCD8800CAF67F /* UserStatistic.plist */ = {isa = PBXFileReference; fileEncoding = 4; lastKnownFileType = text.plist.xml; path = UserStatistic.plist; sourceTree = "<group>"; };
		AE9D851F1DCDCDFD00CAF67F /* UIControl+InjectStatisticSpot.h */ = {isa = PBXFileReference; fileEncoding = 4; lastKnownFileType = sourcecode.c.h; path = "UIControl+InjectStatisticSpot.h"; sourceTree = "<group>"; };
		AE9D85201DCDCDFD00CAF67F /* UIControl+InjectStatisticSpot.m */ = {isa = PBXFileReference; fileEncoding = 4; lastKnownFileType = sourcecode.c.objc; path = "UIControl+InjectStatisticSpot.m"; sourceTree = "<group>"; };
		AE9D85211DCDCDFD00CAF67F /* UIViewController+InjectStatisticSpot.h */ = {isa = PBXFileReference; fileEncoding = 4; lastKnownFileType = sourcecode.c.h; path = "UIViewController+InjectStatisticSpot.h"; sourceTree = "<group>"; };
		AE9D85221DCDCDFD00CAF67F /* UIViewController+InjectStatisticSpot.m */ = {isa = PBXFileReference; fileEncoding = 4; lastKnownFileType = sourcecode.c.objc; path = "UIViewController+InjectStatisticSpot.m"; sourceTree = "<group>"; };
		AE9D85251DCDD5BA00CAF67F /* BPCatchCrash.h */ = {isa = PBXFileReference; fileEncoding = 4; lastKnownFileType = sourcecode.c.h; path = BPCatchCrash.h; sourceTree = "<group>"; };
		AE9D85261DCDD5BA00CAF67F /* BPCatchCrash.m */ = {isa = PBXFileReference; fileEncoding = 4; lastKnownFileType = sourcecode.c.objc; path = BPCatchCrash.m; sourceTree = "<group>"; };
		AEC02F821DD047E100710A62 /* zh-Hans */ = {isa = PBXFileReference; lastKnownFileType = text.plist.strings; name = "zh-Hans"; path = "zh-Hans.lproj/LaunchScreen.strings"; sourceTree = "<group>"; };
		AEC02F861DD04C1700710A62 /* zh-Hans */ = {isa = PBXFileReference; lastKnownFileType = text.plist.strings; name = "zh-Hans"; path = "zh-Hans.lproj/InfoPlist.strings"; sourceTree = "<group>"; };
		AEC02F891DD04C5800710A62 /* en */ = {isa = PBXFileReference; lastKnownFileType = text.plist.strings; name = en; path = en.lproj/InfoPlist.strings; sourceTree = "<group>"; };
		AEC02F8D1DD0532C00710A62 /* en */ = {isa = PBXFileReference; lastKnownFileType = text.plist.strings; name = en; path = en.lproj/Localizable.strings; sourceTree = "<group>"; };
		AEC02F8F1DD0532D00710A62 /* zh-Hans */ = {isa = PBXFileReference; lastKnownFileType = text.plist.strings; name = "zh-Hans"; path = "zh-Hans.lproj/Localizable.strings"; sourceTree = "<group>"; };
		AEC02FA01DD059EA00710A62 /* zh-Hans */ = {isa = PBXFileReference; lastKnownFileType = image.png; name = "zh-Hans"; path = "zh-Hans.lproj/avatar@2x.png"; sourceTree = "<group>"; };
		AEC02FA21DD05C2100710A62 /* en */ = {isa = PBXFileReference; lastKnownFileType = image.png; name = en; path = "en.lproj/avatar@2x.png"; sourceTree = "<group>"; };
		AEC218DC1DF4F8AF0072F6FF /* BaiduMobStat.h */ = {isa = PBXFileReference; fileEncoding = 4; lastKnownFileType = sourcecode.c.h; path = BaiduMobStat.h; sourceTree = "<group>"; };
		AEC218DD1DF4F8AF0072F6FF /* libBaiduMobStat.a */ = {isa = PBXFileReference; lastKnownFileType = archive.ar; path = libBaiduMobStat.a; sourceTree = "<group>"; };
		AEC218DF1DF4F8EE0072F6FF /* JavaScriptCore.framework */ = {isa = PBXFileReference; lastKnownFileType = wrapper.framework; name = JavaScriptCore.framework; path = System/Library/Frameworks/JavaScriptCore.framework; sourceTree = SDKROOT; };
		AEC218E11DF4F8F80072F6FF /* Security.framework */ = {isa = PBXFileReference; lastKnownFileType = wrapper.framework; name = Security.framework; path = System/Library/Frameworks/Security.framework; sourceTree = SDKROOT; };
		AEC218E31DF4F8FF0072F6FF /* CoreLocation.framework */ = {isa = PBXFileReference; lastKnownFileType = wrapper.framework; name = CoreLocation.framework; path = System/Library/Frameworks/CoreLocation.framework; sourceTree = SDKROOT; };
		AEC218E51DF4F9040072F6FF /* SystemConfiguration.framework */ = {isa = PBXFileReference; lastKnownFileType = wrapper.framework; name = SystemConfiguration.framework; path = System/Library/Frameworks/SystemConfiguration.framework; sourceTree = SDKROOT; };
		AEC218E71DF4F90B0072F6FF /* CoreTelephony.framework */ = {isa = PBXFileReference; lastKnownFileType = wrapper.framework; name = CoreTelephony.framework; path = System/Library/Frameworks/CoreTelephony.framework; sourceTree = SDKROOT; };
		AEC218E91DF4F9110072F6FF /* CoreGraphics.framework */ = {isa = PBXFileReference; lastKnownFileType = wrapper.framework; name = CoreGraphics.framework; path = System/Library/Frameworks/CoreGraphics.framework; sourceTree = SDKROOT; };
		AEC218EB1DF4F9170072F6FF /* UIKit.framework */ = {isa = PBXFileReference; lastKnownFileType = wrapper.framework; name = UIKit.framework; path = System/Library/Frameworks/UIKit.framework; sourceTree = SDKROOT; };
		AEC218ED1DF4F91F0072F6FF /* Foundation.framework */ = {isa = PBXFileReference; lastKnownFileType = wrapper.framework; name = Foundation.framework; path = System/Library/Frameworks/Foundation.framework; sourceTree = SDKROOT; };
		AEC218EF1DF4F9270072F6FF /* libz.1.2.5.tbd */ = {isa = PBXFileReference; lastKnownFileType = "sourcecode.text-based-dylib-definition"; name = libz.1.2.5.tbd; path = usr/lib/libz.1.2.5.tbd; sourceTree = SDKROOT; };
		AEC218F11DF4F9300072F6FF /* libstdc++.tbd */ = {isa = PBXFileReference; lastKnownFileType = "sourcecode.text-based-dylib-definition"; name = "libstdc++.tbd"; path = "usr/lib/libstdc++.tbd"; sourceTree = SDKROOT; };
		AEC218F41DF5012F0072F6FF /* jcore-ios-1.0.0.a */ = {isa = PBXFileReference; lastKnownFileType = archive.ar; path = "jcore-ios-1.0.0.a"; sourceTree = "<group>"; };
		AEC218F51DF5012F0072F6FF /* jpush-ios-3.0.0.a */ = {isa = PBXFileReference; lastKnownFileType = archive.ar; path = "jpush-ios-3.0.0.a"; sourceTree = "<group>"; };
		AEC218F61DF5012F0072F6FF /* JPUSHService.h */ = {isa = PBXFileReference; fileEncoding = 4; lastKnownFileType = sourcecode.c.h; path = JPUSHService.h; sourceTree = "<group>"; };
		AEC218F91DF5025A0072F6FF /* CFNetwork.framework */ = {isa = PBXFileReference; lastKnownFileType = wrapper.framework; name = CFNetwork.framework; path = System/Library/Frameworks/CFNetwork.framework; sourceTree = SDKROOT; };
		AEC218FB1DF5026B0072F6FF /* CoreFoundation.framework */ = {isa = PBXFileReference; lastKnownFileType = wrapper.framework; name = CoreFoundation.framework; path = System/Library/Frameworks/CoreFoundation.framework; sourceTree = SDKROOT; };
		AEC218FD1DF5029C0072F6FF /* libz.tbd */ = {isa = PBXFileReference; lastKnownFileType = "sourcecode.text-based-dylib-definition"; name = libz.tbd; path = usr/lib/libz.tbd; sourceTree = SDKROOT; };
		AEC218FF1DF502A40072F6FF /* UserNotifications.framework */ = {isa = PBXFileReference; lastKnownFileType = wrapper.framework; name = UserNotifications.framework; path = System/Library/Frameworks/UserNotifications.framework; sourceTree = SDKROOT; };
		AEC219011DF502AB0072F6FF /* libresolv.tbd */ = {isa = PBXFileReference; lastKnownFileType = "sourcecode.text-based-dylib-definition"; name = libresolv.tbd; path = usr/lib/libresolv.tbd; sourceTree = SDKROOT; };
		AEC6C2C71DD17B0F00F9ABA0 /* HZQPickerView.h */ = {isa = PBXFileReference; fileEncoding = 4; lastKnownFileType = sourcecode.c.h; path = HZQPickerView.h; sourceTree = "<group>"; };
		AEC6C2C81DD17B0F00F9ABA0 /* HZQPickerView.m */ = {isa = PBXFileReference; fileEncoding = 4; lastKnownFileType = sourcecode.c.objc; path = HZQPickerView.m; sourceTree = "<group>"; };
		AEC6C2C91DD17B0F00F9ABA0 /* HZQPickerView.xib */ = {isa = PBXFileReference; fileEncoding = 4; lastKnownFileType = file.xib; path = HZQPickerView.xib; sourceTree = "<group>"; };
		AEC6C3041DD1A68900F9ABA0 /* BaseProjectTests.xctest */ = {isa = PBXFileReference; explicitFileType = wrapper.cfbundle; includeInIndex = 0; path = BaseProjectTests.xctest; sourceTree = BUILT_PRODUCTS_DIR; };
		AEC6C3061DD1A68900F9ABA0 /* BaseProjectTests.m */ = {isa = PBXFileReference; lastKnownFileType = sourcecode.c.objc; path = BaseProjectTests.m; sourceTree = "<group>"; };
		AEC6C3081DD1A68900F9ABA0 /* Info.plist */ = {isa = PBXFileReference; lastKnownFileType = text.plist.xml; path = Info.plist; sourceTree = "<group>"; };
		AED10FB31DE68D6700D0C7EE /* WJItemsControlView.h */ = {isa = PBXFileReference; fileEncoding = 4; lastKnownFileType = sourcecode.c.h; path = WJItemsControlView.h; sourceTree = "<group>"; };
		AED10FB41DE68D6700D0C7EE /* WJItemsControlView.m */ = {isa = PBXFileReference; fileEncoding = 4; lastKnownFileType = sourcecode.c.objc; path = WJItemsControlView.m; sourceTree = "<group>"; };
		AED10FB61DE68DC200D0C7EE /* VideoVC.h */ = {isa = PBXFileReference; fileEncoding = 4; lastKnownFileType = sourcecode.c.h; path = VideoVC.h; sourceTree = "<group>"; };
		AED10FB71DE68DC200D0C7EE /* VideoVC.m */ = {isa = PBXFileReference; fileEncoding = 4; lastKnownFileType = sourcecode.c.objc; path = VideoVC.m; sourceTree = "<group>"; };
		AED10FB91DE68DD900D0C7EE /* MeVC.h */ = {isa = PBXFileReference; fileEncoding = 4; lastKnownFileType = sourcecode.c.h; path = MeVC.h; sourceTree = "<group>"; };
		AED10FBA1DE68DD900D0C7EE /* MeVC.m */ = {isa = PBXFileReference; fileEncoding = 4; lastKnownFileType = sourcecode.c.objc; path = MeVC.m; sourceTree = "<group>"; };
		AED10FBD1DE6910300D0C7EE /* ico_make.png */ = {isa = PBXFileReference; lastKnownFileType = image.png; path = ico_make.png; sourceTree = "<group>"; };
		AED10FBE1DE6910300D0C7EE /* JSDropDownMenu.h */ = {isa = PBXFileReference; fileEncoding = 4; lastKnownFileType = sourcecode.c.h; path = JSDropDownMenu.h; sourceTree = "<group>"; };
		AED10FBF1DE6910300D0C7EE /* JSDropDownMenu.m */ = {isa = PBXFileReference; fileEncoding = 4; lastKnownFileType = sourcecode.c.objc; path = JSDropDownMenu.m; sourceTree = "<group>"; };
		AED7E7871DD301350034DDDE /* HomepageVC.h */ = {isa = PBXFileReference; fileEncoding = 4; lastKnownFileType = sourcecode.c.h; path = HomepageVC.h; sourceTree = "<group>"; };
		AED7E7881DD301350034DDDE /* HomepageVC.m */ = {isa = PBXFileReference; fileEncoding = 4; lastKnownFileType = sourcecode.c.objc; path = HomepageVC.m; sourceTree = "<group>"; };
		AED7E78A1DD30A980034DDDE /* libPods-BaseProject.a */ = {isa = PBXFileReference; lastKnownFileType = archive.ar; name = "libPods-BaseProject.a"; path = "../../../Library/Developer/Xcode/DerivedData/BaseProject-audinbsvkvdjnmeqxxonrzcsjhpb/Build/Products/Debug-iphonesimulator/libPods-BaseProject.a"; sourceTree = "<group>"; };
		AEFC480E1DE45EC5000B7772 /* HHAlertView.h */ = {isa = PBXFileReference; fileEncoding = 4; lastKnownFileType = sourcecode.c.h; path = HHAlertView.h; sourceTree = "<group>"; };
		AEFC480F1DE45EC5000B7772 /* HHAlertView.m */ = {isa = PBXFileReference; fileEncoding = 4; lastKnownFileType = sourcecode.c.objc; path = HHAlertView.m; sourceTree = "<group>"; };
		AEFC48101DE45EC5000B7772 /* HHAlertViewConst.h */ = {isa = PBXFileReference; fileEncoding = 4; lastKnownFileType = sourcecode.c.h; path = HHAlertViewConst.h; sourceTree = "<group>"; };
		AEFC48111DE45EC5000B7772 /* UIView+Draw.h */ = {isa = PBXFileReference; fileEncoding = 4; lastKnownFileType = sourcecode.c.h; path = "UIView+Draw.h"; sourceTree = "<group>"; };
		AEFC48121DE45EC5000B7772 /* UIView+Draw.m */ = {isa = PBXFileReference; fileEncoding = 4; lastKnownFileType = sourcecode.c.objc; path = "UIView+Draw.m"; sourceTree = "<group>"; };
		BB59F262626700FB9A0D14FB /* libPods-BaseProject.a */ = {isa = PBXFileReference; explicitFileType = archive.ar; includeInIndex = 0; path = "libPods-BaseProject.a"; sourceTree = BUILT_PRODUCTS_DIR; };
/* End PBXFileReference section */

/* Begin PBXFrameworksBuildPhase section */
		AE473E371DCD684900016040 /* Frameworks */ = {
			isa = PBXFrameworksBuildPhase;
			buildActionMask = 2147483647;
			files = (
				AEC219021DF502AB0072F6FF /* libresolv.tbd in Frameworks */,
				AEC219001DF502A40072F6FF /* UserNotifications.framework in Frameworks */,
				AEC218FE1DF5029C0072F6FF /* libz.tbd in Frameworks */,
				AEC218E21DF4F8F80072F6FF /* Security.framework in Frameworks */,
				AEC218EC1DF4F9170072F6FF /* UIKit.framework in Frameworks */,
				AEC218EE1DF4F91F0072F6FF /* Foundation.framework in Frameworks */,
				AEC218EA1DF4F9110072F6FF /* CoreGraphics.framework in Frameworks */,
				AEC218E61DF4F9040072F6FF /* SystemConfiguration.framework in Frameworks */,
				AEC218E81DF4F90B0072F6FF /* CoreTelephony.framework in Frameworks */,
				AEC218FC1DF5026B0072F6FF /* CoreFoundation.framework in Frameworks */,
				AEC218FA1DF5025A0072F6FF /* CFNetwork.framework in Frameworks */,
				AEC218F21DF4F9300072F6FF /* libstdc++.tbd in Frameworks */,
				AEC218F01DF4F9270072F6FF /* libz.1.2.5.tbd in Frameworks */,
				AEC218F81DF5012F0072F6FF /* jpush-ios-3.0.0.a in Frameworks */,
				AEC218E41DF4F8FF0072F6FF /* CoreLocation.framework in Frameworks */,
				AEC218F71DF5012F0072F6FF /* jcore-ios-1.0.0.a in Frameworks */,
				AEC218E01DF4F8EE0072F6FF /* JavaScriptCore.framework in Frameworks */,
				AEC218DE1DF4F8AF0072F6FF /* libBaiduMobStat.a in Frameworks */,
				B066CBE43F852159EAE0676A /* libPods-BaseProject.a in Frameworks */,
			);
			runOnlyForDeploymentPostprocessing = 0;
		};
		AEC6C3011DD1A68900F9ABA0 /* Frameworks */ = {
			isa = PBXFrameworksBuildPhase;
			buildActionMask = 2147483647;
			files = (
			);
			runOnlyForDeploymentPostprocessing = 0;
		};
/* End PBXFrameworksBuildPhase section */

/* Begin PBXGroup section */
		315306899ECF8F91C47784F0 /* Frameworks */ = {
			isa = PBXGroup;
			children = (
				AEC219011DF502AB0072F6FF /* libresolv.tbd */,
				AEC218FF1DF502A40072F6FF /* UserNotifications.framework */,
				AEC218FD1DF5029C0072F6FF /* libz.tbd */,
				AEC218FB1DF5026B0072F6FF /* CoreFoundation.framework */,
				AEC218F91DF5025A0072F6FF /* CFNetwork.framework */,
				AEC218F11DF4F9300072F6FF /* libstdc++.tbd */,
				AEC218EF1DF4F9270072F6FF /* libz.1.2.5.tbd */,
				AEC218ED1DF4F91F0072F6FF /* Foundation.framework */,
				AEC218EB1DF4F9170072F6FF /* UIKit.framework */,
				AEC218E91DF4F9110072F6FF /* CoreGraphics.framework */,
				AEC218E71DF4F90B0072F6FF /* CoreTelephony.framework */,
				AEC218E51DF4F9040072F6FF /* SystemConfiguration.framework */,
				AEC218E31DF4F8FF0072F6FF /* CoreLocation.framework */,
				AEC218E11DF4F8F80072F6FF /* Security.framework */,
				AEC218DF1DF4F8EE0072F6FF /* JavaScriptCore.framework */,
				AED7E78A1DD30A980034DDDE /* libPods-BaseProject.a */,
				BB59F262626700FB9A0D14FB /* libPods-BaseProject.a */,
			);
			name = Frameworks;
			sourceTree = "<group>";
		};
		AE473E311DCD684900016040 = {
			isa = PBXGroup;
			children = (
				AE9D84F01DCDA60300CAF67F /* BaseProject */,
				AEC6C3051DD1A68900F9ABA0 /* BaseProjectTests */,
				AE78A9051DD4276700869859 /* Doc */,
				AE473E3B1DCD684900016040 /* Products */,
				B61EDA4E8931488C1615D15E /* Pods */,
				315306899ECF8F91C47784F0 /* Frameworks */,
			);
			sourceTree = "<group>";
		};
		AE473E3B1DCD684900016040 /* Products */ = {
			isa = PBXGroup;
			children = (
				AE473E3A1DCD684900016040 /* BaseProject.app */,
				AEC6C3041DD1A68900F9ABA0 /* BaseProjectTests.xctest */,
			);
			name = Products;
			sourceTree = "<group>";
		};
		AE51FF4F1E08BD4200B76BE0 /* Common */ = {
			isa = PBXGroup;
			children = (
				AE51FF5A1E08BDAF00B76BE0 /* RegisterVC.h */,
				AE51FF5B1E08BDAF00B76BE0 /* RegisterVC.m */,
				AE51FF5C1E08BDAF00B76BE0 /* RegisterVC.xib */,
				AE51FF551E08BD9B00B76BE0 /* LoginVC.h */,
				AE51FF561E08BD9B00B76BE0 /* LoginVC.m */,
				AE51FF571E08BD9B00B76BE0 /* LoginVC.xib */,
				AE6503481E08D2320001A633 /* ThirdPartyBindingVC.h */,
				AE6503491E08D2320001A633 /* ThirdPartyBindingVC.m */,
				AE65034A1E08D2320001A633 /* ThirdPartyBindingVC.xib */,
				AE65032A1E08C9B00001A633 /* FindPwdVC.h */,
				AE65032B1E08C9B00001A633 /* FindPwdVC.m */,
				AE65032C1E08C9B00001A633 /* FindPwdVC.xib */,
				AE6503251E08C8760001A633 /* ChangePwdVC.h */,
				AE6503261E08C8760001A633 /* ChangePwdVC.m */,
				AE6503271E08C8760001A633 /* ChangePwdVC.xib */,
				AE6503341E08CAB60001A633 /* ChangeUserInfoVC.h */,
				AE6503351E08CAB60001A633 /* ChangeUserInfoVC.m */,
				AE6503361E08CAB60001A633 /* ChangeUserInfoVC.xib */,
				AE6503391E08CE0E0001A633 /* SuggestionVC.h */,
				AE65033A1E08CE0E0001A633 /* SuggestionVC.m */,
				AE65033B1E08CE0E0001A633 /* SuggestionVC.xib */,
				AE65033E1E08CF780001A633 /* WebDetailVC.h */,
				AE65033F1E08CF780001A633 /* WebDetailVC.m */,
				AE6503401E08CF780001A633 /* WebDetailVC.xib */,
				AE65034D1E08D2AF0001A633 /* PushDetailVC.h */,
				AE65034E1E08D2AF0001A633 /* PushDetailVC.m */,
				AE65034F1E08D2AF0001A633 /* PushDetailVC.xib */,
			);
			path = Common;
			sourceTree = "<group>";
		};
		AE78A9051DD4276700869859 /* Doc */ = {
			isa = PBXGroup;
			children = (
				AE78A9061DD4276700869859 /* Guide.docx */,
				AE78A9081DD4709900869859 /* BadCode.h */,
				AE78A9091DD4709900869859 /* BadCode.m */,
			);
			path = Doc;
			sourceTree = "<group>";
		};
		AE80F7811DFA96A300D2B3D7 /* Common */ = {
			isa = PBXGroup;
			children = (
				AE80F7AF1DFA971F00D2B3D7 /* Util */,
				AE80F78D1DFA96A300D2B3D7 /* Object */,
				AE80F7861DFA96A300D2B3D7 /* Model */,
				AE80F7901DFA96A300D2B3D7 /* View */,
				AE80F7821DFA96A300D2B3D7 /* Controller */,
			);
			path = Common;
			sourceTree = "<group>";
		};
		AE80F7821DFA96A300D2B3D7 /* Controller */ = {
			isa = PBXGroup;
			children = (
				AE80F7831DFA96A300D2B3D7 /* BPWebViewVC.h */,
				AE80F7841DFA96A300D2B3D7 /* BPWebViewVC.m */,
				AE80F7851DFA96A300D2B3D7 /* BPWebViewVC.xib */,
			);
			path = Controller;
			sourceTree = "<group>";
		};
		AE80F7861DFA96A300D2B3D7 /* Model */ = {
			isa = PBXGroup;
			children = (
				AE80F7891DFA96A300D2B3D7 /* BPUserModel.h */,
				AE80F78A1DFA96A300D2B3D7 /* BPUserModel.m */,
				AE80F7871DFA96A300D2B3D7 /* BPAddressModel.h */,
				AE80F7881DFA96A300D2B3D7 /* BPAddressModel.m */,
				AE80F78B1DFA96A300D2B3D7 /* BPWebModel.h */,
				AE80F78C1DFA96A300D2B3D7 /* BPWebModel.m */,
			);
			path = Model;
			sourceTree = "<group>";
		};
		AE80F78D1DFA96A300D2B3D7 /* Object */ = {
			isa = PBXGroup;
			children = (
				AE80F78E1DFA96A300D2B3D7 /* BPLaunchAd.h */,
				AE80F78F1DFA96A300D2B3D7 /* BPLaunchAd.m */,
			);
			path = Object;
			sourceTree = "<group>";
		};
		AE80F7901DFA96A300D2B3D7 /* View */ = {
			isa = PBXGroup;
			children = (
				AE80F7BD1DFA99B700D2B3D7 /* BPAlertView.h */,
				AE80F7BE1DFA99B700D2B3D7 /* BPAlertView.m */,
				AE80F7BF1DFA99B700D2B3D7 /* BPAlertView.xib */,
				AE80F7C01DFA99B700D2B3D7 /* BPTouchScrollView.h */,
				AE80F7C11DFA99B700D2B3D7 /* BPTouchScrollView.m */,
				AE80F7C21DFA99B700D2B3D7 /* BPTouchTableView.h */,
				AE80F7C31DFA99B700D2B3D7 /* BPTouchTableView.m */,
			);
			path = View;
			sourceTree = "<group>";
		};
		AE80F7AF1DFA971F00D2B3D7 /* Util */ = {
			isa = PBXGroup;
			children = (
				AE80F7BA1DFA992800D2B3D7 /* BPThirdParty.h */,
				AE80F7BB1DFA992800D2B3D7 /* BPThirdParty.m */,
				AE80F7B01DFA971F00D2B3D7 /* BPDB.h */,
				AE80F7B11DFA971F00D2B3D7 /* BPDB.m */,
				AE80F7B21DFA971F00D2B3D7 /* BPInterface.h */,
				AE80F7B31DFA971F00D2B3D7 /* BPInterface.m */,
				AE80F7B41DFA971F00D2B3D7 /* BPUtil.h */,
				AE80F7B51DFA971F00D2B3D7 /* BPUtil.m */,
				AE80F7B61DFA971F00D2B3D7 /* PrefixHeader.pch */,
			);
			path = Util;
			sourceTree = "<group>";
		};
		AE89995A1DDC522E00FF768E /* Cipher */ = {
			isa = PBXGroup;
			children = (
				AE89995B1DDC522E00FF768E /* Base64.h */,
				AE89995C1DDC522E00FF768E /* Base64.m */,
				AE89995D1DDC522E00FF768E /* NSData+AES.h */,
				AE89995E1DDC522E00FF768E /* NSData+AES.m */,
			);
			path = Cipher;
			sourceTree = "<group>";
		};
		AE9D84F01DCDA60300CAF67F /* BaseProject */ = {
			isa = PBXGroup;
			children = (
				AE9D84F11DCDA60300CAF67F /* AppDelegate.h */,
				AE9D84F21DCDA60300CAF67F /* AppDelegate.m */,
				AE80F7811DFA96A300D2B3D7 /* Common */,
				AEC6C30E1DD1CEEA00F9ABA0 /* Model */,
				AED7E7861DD300E00034DDDE /* View */,
				AED7E7851DD300E00034DDDE /* Controller */,
				AE9D85191DCDCA4200CAF67F /* AOP */,
				AEC6C2C51DD17AFB00F9ABA0 /* ThirdParty */,
				AE9D84F81DCDA60300CAF67F /* Supporting Files */,
			);
			path = BaseProject;
			sourceTree = "<group>";
		};
		AE9D84F81DCDA60300CAF67F /* Supporting Files */ = {
			isa = PBXGroup;
			children = (
				AE9D84F91DCDA60300CAF67F /* Assets.xcassets */,
				AE9D84FE1DCDA60300CAF67F /* Info.plist */,
				AE9D84FA1DCDA60300CAF67F /* LaunchScreen.storyboard */,
				AEC02F871DD04C1700710A62 /* InfoPlist.strings */,
				AEC02F8E1DD0532C00710A62 /* Localizable.strings */,
				AEC02FA11DD059EA00710A62 /* avatar@2x.png */,
				AE9D84FF1DCDA60300CAF67F /* main.m */,
			);
			path = "Supporting Files";
			sourceTree = "<group>";
		};
		AE9D85191DCDCA4200CAF67F /* AOP */ = {
			isa = PBXGroup;
			children = (
				AE9D851D1DCDCD8800CAF67F /* UserStatistic.plist */,
				AE9D851A1DCDCA7000CAF67F /* BPHookUtil.h */,
				AE9D851B1DCDCA7000CAF67F /* BPHookUtil.m */,
				AE9D851F1DCDCDFD00CAF67F /* UIControl+InjectStatisticSpot.h */,
				AE9D85201DCDCDFD00CAF67F /* UIControl+InjectStatisticSpot.m */,
				AE9D85211DCDCDFD00CAF67F /* UIViewController+InjectStatisticSpot.h */,
				AE9D85221DCDCDFD00CAF67F /* UIViewController+InjectStatisticSpot.m */,
				AE9D85251DCDD5BA00CAF67F /* BPCatchCrash.h */,
				AE9D85261DCDD5BA00CAF67F /* BPCatchCrash.m */,
			);
			path = AOP;
			sourceTree = "<group>";
		};
		AEC218DB1DF4F8A90072F6FF /* Baidu */ = {
			isa = PBXGroup;
			children = (
				AEC218DC1DF4F8AF0072F6FF /* BaiduMobStat.h */,
				AEC218DD1DF4F8AF0072F6FF /* libBaiduMobStat.a */,
			);
			path = Baidu;
			sourceTree = "<group>";
		};
		AEC218F31DF5012F0072F6FF /* JPush */ = {
			isa = PBXGroup;
			children = (
				AEC218F41DF5012F0072F6FF /* jcore-ios-1.0.0.a */,
				AEC218F51DF5012F0072F6FF /* jpush-ios-3.0.0.a */,
				AEC218F61DF5012F0072F6FF /* JPUSHService.h */,
			);
			path = JPush;
			sourceTree = "<group>";
		};
		AEC6C2C51DD17AFB00F9ABA0 /* ThirdParty */ = {
			isa = PBXGroup;
			children = (
				AEC218F31DF5012F0072F6FF /* JPush */,
				AEC218DB1DF4F8A90072F6FF /* Baidu */,
				AED10FBC1DE6910300D0C7EE /* JSDropDownMenu */,
				AED10FB21DE68D6700D0C7EE /* WJSegment */,
				AEFC480D1DE45EC5000B7772 /* HHAlertView */,
				AE89995A1DDC522E00FF768E /* Cipher */,
				AEC6C2C61DD17B0F00F9ABA0 /* HZQPickerView */,
			);
			path = ThirdParty;
			sourceTree = "<group>";
		};
		AEC6C2C61DD17B0F00F9ABA0 /* HZQPickerView */ = {
			isa = PBXGroup;
			children = (
				AEC6C2C71DD17B0F00F9ABA0 /* HZQPickerView.h */,
				AEC6C2C81DD17B0F00F9ABA0 /* HZQPickerView.m */,
				AEC6C2C91DD17B0F00F9ABA0 /* HZQPickerView.xib */,
			);
			path = HZQPickerView;
			sourceTree = "<group>";
		};
		AEC6C3051DD1A68900F9ABA0 /* BaseProjectTests */ = {
			isa = PBXGroup;
			children = (
				AE828DED1DD569E500235DC6 /* BPDBTests.m */,
				AE828DEB1DD569D700235DC6 /* BPInterfaceTests.m */,
				AEC6C3061DD1A68900F9ABA0 /* BaseProjectTests.m */,
				AEC6C3081DD1A68900F9ABA0 /* Info.plist */,
			);
			path = BaseProjectTests;
			sourceTree = "<group>";
		};
		AEC6C30E1DD1CEEA00F9ABA0 /* Model */ = {
			isa = PBXGroup;
			children = (
			);
			path = Model;
			sourceTree = "<group>";
		};
		AED10FB21DE68D6700D0C7EE /* WJSegment */ = {
			isa = PBXGroup;
			children = (
				AED10FB31DE68D6700D0C7EE /* WJItemsControlView.h */,
				AED10FB41DE68D6700D0C7EE /* WJItemsControlView.m */,
			);
			path = WJSegment;
			sourceTree = "<group>";
		};
		AED10FBC1DE6910300D0C7EE /* JSDropDownMenu */ = {
			isa = PBXGroup;
			children = (
				AED10FBD1DE6910300D0C7EE /* ico_make.png */,
				AED10FBE1DE6910300D0C7EE /* JSDropDownMenu.h */,
				AED10FBF1DE6910300D0C7EE /* JSDropDownMenu.m */,
			);
			path = JSDropDownMenu;
			sourceTree = "<group>";
		};
		AED7E7851DD300E00034DDDE /* Controller */ = {
			isa = PBXGroup;
			children = (
				AE51FF4F1E08BD4200B76BE0 /* Common */,
				AED7E7871DD301350034DDDE /* HomepageVC.h */,
				AED7E7881DD301350034DDDE /* HomepageVC.m */,
				AED10FB61DE68DC200D0C7EE /* VideoVC.h */,
				AED10FB71DE68DC200D0C7EE /* VideoVC.m */,
				AED10FB91DE68DD900D0C7EE /* MeVC.h */,
				AED10FBA1DE68DD900D0C7EE /* MeVC.m */,
				AE5B32EF1DEFC64D006159BD /* NextVC.h */,
				AE5B32F01DEFC64D006159BD /* NextVC.m */,
			);
			path = Controller;
			sourceTree = "<group>";
		};
		AED7E7861DD300E00034DDDE /* View */ = {
			isa = PBXGroup;
			children = (
			);
			path = View;
			sourceTree = "<group>";
		};
		AEFC480D1DE45EC5000B7772 /* HHAlertView */ = {
			isa = PBXGroup;
			children = (
				AEFC480E1DE45EC5000B7772 /* HHAlertView.h */,
				AEFC480F1DE45EC5000B7772 /* HHAlertView.m */,
				AEFC48101DE45EC5000B7772 /* HHAlertViewConst.h */,
				AEFC48111DE45EC5000B7772 /* UIView+Draw.h */,
				AEFC48121DE45EC5000B7772 /* UIView+Draw.m */,
			);
			path = HHAlertView;
			sourceTree = "<group>";
		};
		B61EDA4E8931488C1615D15E /* Pods */ = {
			isa = PBXGroup;
			children = (
				A64EFFB3F224598667B2063F /* Pods-BaseProject.debug.xcconfig */,
				43C4864AB0CC3C3E1DEEE553 /* Pods-BaseProject.release.xcconfig */,
			);
			name = Pods;
			sourceTree = "<group>";
		};
/* End PBXGroup section */

/* Begin PBXNativeTarget section */
		AE473E391DCD684900016040 /* BaseProject */ = {
			isa = PBXNativeTarget;
			buildConfigurationList = AE473E511DCD684900016040 /* Build configuration list for PBXNativeTarget "BaseProject" */;
			buildPhases = (
				8CA25AD6C7E287C3D3B7DE88 /* [CP] Check Pods Manifest.lock */,
				AE473E361DCD684900016040 /* Sources */,
				AE473E371DCD684900016040 /* Frameworks */,
				AE473E381DCD684900016040 /* Resources */,
				20239EB0388C9A1584EBE58D /* [CP] Embed Pods Frameworks */,
				C54FE7B3CBAF77D2D3D4AF7B /* [CP] Copy Pods Resources */,
			);
			buildRules = (
			);
			dependencies = (
			);
			name = BaseProject;
			productName = RAC;
			productReference = AE473E3A1DCD684900016040 /* BaseProject.app */;
			productType = "com.apple.product-type.application";
		};
		AEC6C3031DD1A68900F9ABA0 /* BaseProjectTests */ = {
			isa = PBXNativeTarget;
			buildConfigurationList = AEC6C30B1DD1A68900F9ABA0 /* Build configuration list for PBXNativeTarget "BaseProjectTests" */;
			buildPhases = (
				AEC6C3001DD1A68900F9ABA0 /* Sources */,
				AEC6C3011DD1A68900F9ABA0 /* Frameworks */,
				AEC6C3021DD1A68900F9ABA0 /* Resources */,
			);
			buildRules = (
			);
			dependencies = (
				AEC6C30A1DD1A68900F9ABA0 /* PBXTargetDependency */,
			);
			name = BaseProjectTests;
			productName = BaseProjectTests;
			productReference = AEC6C3041DD1A68900F9ABA0 /* BaseProjectTests.xctest */;
			productType = "com.apple.product-type.bundle.unit-test";
		};
/* End PBXNativeTarget section */

/* Begin PBXProject section */
		AE473E321DCD684900016040 /* Project object */ = {
			isa = PBXProject;
			attributes = {
				LastUpgradeCheck = 0800;
				ORGANIZATIONNAME = UgoMedia;
				TargetAttributes = {
					AE473E391DCD684900016040 = {
						CreatedOnToolsVersion = 8.0;
						DevelopmentTeam = ED9B32BGG8;
						ProvisioningStyle = Automatic;
					};
					AEC6C3031DD1A68900F9ABA0 = {
						CreatedOnToolsVersion = 8.0;
						ProvisioningStyle = Automatic;
						TestTargetID = AE473E391DCD684900016040;
					};
				};
			};
			buildConfigurationList = AE473E351DCD684900016040 /* Build configuration list for PBXProject "BaseProject" */;
			compatibilityVersion = "Xcode 3.2";
			developmentRegion = English;
			hasScannedForEncodings = 0;
			knownRegions = (
				en,
				Base,
				"zh-Hans",
			);
			mainGroup = AE473E311DCD684900016040;
			productRefGroup = AE473E3B1DCD684900016040 /* Products */;
			projectDirPath = "";
			projectRoot = "";
			targets = (
				AE473E391DCD684900016040 /* BaseProject */,
				AEC6C3031DD1A68900F9ABA0 /* BaseProjectTests */,
			);
		};
/* End PBXProject section */

/* Begin PBXResourcesBuildPhase section */
		AE473E381DCD684900016040 /* Resources */ = {
			isa = PBXResourcesBuildPhase;
			buildActionMask = 2147483647;
			files = (
				AEC02F8C1DD0532C00710A62 /* Localizable.strings in Resources */,
				AE51FF5E1E08BDAF00B76BE0 /* RegisterVC.xib in Resources */,
				AE9D850F1DCDA60300CAF67F /* Assets.xcassets in Resources */,
				AEC6C2CD1DD17B0F00F9ABA0 /* HZQPickerView.xib in Resources */,
				AE65033D1E08CE0E0001A633 /* SuggestionVC.xib in Resources */,
				AE9D85101DCDA60300CAF67F /* LaunchScreen.storyboard in Resources */,
				AED10FC01DE6910300D0C7EE /* ico_make.png in Resources */,
				AE6503291E08C8760001A633 /* ChangePwdVC.xib in Resources */,
				AE6503421E08CF780001A633 /* WebDetailVC.xib in Resources */,
				AE6503511E08D2AF0001A633 /* PushDetailVC.xib in Resources */,
				AE78A9071DD4276700869859 /* Guide.docx in Resources */,
				AE65032E1E08C9B00001A633 /* FindPwdVC.xib in Resources */,
				AE51FF591E08BD9B00B76BE0 /* LoginVC.xib in Resources */,
				AEC02F9F1DD059EA00710A62 /* avatar@2x.png in Resources */,
				AE9D851E1DCDCD8800CAF67F /* UserStatistic.plist in Resources */,
				AE80F79C1DFA96A300D2B3D7 /* BPWebViewVC.xib in Resources */,
				AEC02F851DD04C1700710A62 /* InfoPlist.strings in Resources */,
				AE80F7C51DFA99B700D2B3D7 /* BPAlertView.xib in Resources */,
				AE65034C1E08D2320001A633 /* ThirdPartyBindingVC.xib in Resources */,
				AE6503381E08CAB60001A633 /* ChangeUserInfoVC.xib in Resources */,
			);
			runOnlyForDeploymentPostprocessing = 0;
		};
		AEC6C3021DD1A68900F9ABA0 /* Resources */ = {
			isa = PBXResourcesBuildPhase;
			buildActionMask = 2147483647;
			files = (
			);
			runOnlyForDeploymentPostprocessing = 0;
		};
/* End PBXResourcesBuildPhase section */

/* Begin PBXShellScriptBuildPhase section */
		20239EB0388C9A1584EBE58D /* [CP] Embed Pods Frameworks */ = {
			isa = PBXShellScriptBuildPhase;
			buildActionMask = 2147483647;
			files = (
			);
			inputPaths = (
			);
			name = "[CP] Embed Pods Frameworks";
			outputPaths = (
			);
			runOnlyForDeploymentPostprocessing = 0;
			shellPath = /bin/sh;
			shellScript = "\"${SRCROOT}/Pods/Target Support Files/Pods-BaseProject/Pods-BaseProject-frameworks.sh\"\n";
			showEnvVarsInLog = 0;
		};
		8CA25AD6C7E287C3D3B7DE88 /* [CP] Check Pods Manifest.lock */ = {
			isa = PBXShellScriptBuildPhase;
			buildActionMask = 2147483647;
			files = (
			);
			inputPaths = (
			);
			name = "[CP] Check Pods Manifest.lock";
			outputPaths = (
			);
			runOnlyForDeploymentPostprocessing = 0;
			shellPath = /bin/sh;
			shellScript = "diff \"${PODS_ROOT}/../Podfile.lock\" \"${PODS_ROOT}/Manifest.lock\" > /dev/null\nif [[ $? != 0 ]] ; then\n    cat << EOM\nerror: The sandbox is not in sync with the Podfile.lock. Run 'pod install' or update your CocoaPods installation.\nEOM\n    exit 1\nfi\n";
			showEnvVarsInLog = 0;
		};
		C54FE7B3CBAF77D2D3D4AF7B /* [CP] Copy Pods Resources */ = {
			isa = PBXShellScriptBuildPhase;
			buildActionMask = 2147483647;
			files = (
			);
			inputPaths = (
			);
			name = "[CP] Copy Pods Resources";
			outputPaths = (
			);
			runOnlyForDeploymentPostprocessing = 0;
			shellPath = /bin/sh;
			shellScript = "\"${SRCROOT}/Pods/Target Support Files/Pods-BaseProject/Pods-BaseProject-resources.sh\"\n";
			showEnvVarsInLog = 0;
		};
/* End PBXShellScriptBuildPhase section */

/* Begin PBXSourcesBuildPhase section */
		AE473E361DCD684900016040 /* Sources */ = {
			isa = PBXSourcesBuildPhase;
			buildActionMask = 2147483647;
			files = (
				AEFC48131DE45EC5000B7772 /* HHAlertView.m in Sources */,
				AE9D85241DCDCDFD00CAF67F /* UIViewController+InjectStatisticSpot.m in Sources */,
				AE9D850C1DCDA60300CAF67F /* AppDelegate.m in Sources */,
				AE9D85271DCDD5BA00CAF67F /* BPCatchCrash.m in Sources */,
				AE80F79B1DFA96A300D2B3D7 /* BPWebViewVC.m in Sources */,
				AE51FF5D1E08BDAF00B76BE0 /* RegisterVC.m in Sources */,
				AE80F7B91DFA971F00D2B3D7 /* BPUtil.m in Sources */,
				AED10FBB1DE68DD900D0C7EE /* MeVC.m in Sources */,
				AE9D851C1DCDCA7000CAF67F /* BPHookUtil.m in Sources */,
				AE6503501E08D2AF0001A633 /* PushDetailVC.m in Sources */,
				AE80F79E1DFA96A300D2B3D7 /* BPUserModel.m in Sources */,
				AED10FC11DE6910300D0C7EE /* JSDropDownMenu.m in Sources */,
				AE89995F1DDC522E00FF768E /* Base64.m in Sources */,
				AED7E7891DD301350034DDDE /* HomepageVC.m in Sources */,
				AED10FB51DE68D6700D0C7EE /* WJItemsControlView.m in Sources */,
				AE51FF581E08BD9B00B76BE0 /* LoginVC.m in Sources */,
				AE80F7C41DFA99B700D2B3D7 /* BPAlertView.m in Sources */,
				AE80F7B81DFA971F00D2B3D7 /* BPInterface.m in Sources */,
				AE6503371E08CAB60001A633 /* ChangeUserInfoVC.m in Sources */,
				AEC6C2CC1DD17B0F00F9ABA0 /* HZQPickerView.m in Sources */,
				AE9D85131DCDA60300CAF67F /* main.m in Sources */,
				AEFC48141DE45EC5000B7772 /* UIView+Draw.m in Sources */,
				AE80F7BC1DFA992800D2B3D7 /* BPThirdParty.m in Sources */,
				AE80F7B71DFA971F00D2B3D7 /* BPDB.m in Sources */,
				AE65034B1E08D2320001A633 /* ThirdPartyBindingVC.m in Sources */,
				AE78A90A1DD4709900869859 /* BadCode.m in Sources */,
				AE6503281E08C8760001A633 /* ChangePwdVC.m in Sources */,
				AE80F7C61DFA99B700D2B3D7 /* BPTouchScrollView.m in Sources */,
				AE9D85231DCDCDFD00CAF67F /* UIControl+InjectStatisticSpot.m in Sources */,
				AE80F7A01DFA96A300D2B3D7 /* BPLaunchAd.m in Sources */,
				AED10FB81DE68DC200D0C7EE /* VideoVC.m in Sources */,
				AE80F79F1DFA96A300D2B3D7 /* BPWebModel.m in Sources */,
				AE65033C1E08CE0E0001A633 /* SuggestionVC.m in Sources */,
				AE5B32F11DEFC64D006159BD /* NextVC.m in Sources */,
				AE80F7C71DFA99B700D2B3D7 /* BPTouchTableView.m in Sources */,
				AE6503411E08CF780001A633 /* WebDetailVC.m in Sources */,
				AE80F79D1DFA96A300D2B3D7 /* BPAddressModel.m in Sources */,
				AE8999601DDC522E00FF768E /* NSData+AES.m in Sources */,
				AE65032D1E08C9B00001A633 /* FindPwdVC.m in Sources */,
			);
			runOnlyForDeploymentPostprocessing = 0;
		};
		AEC6C3001DD1A68900F9ABA0 /* Sources */ = {
			isa = PBXSourcesBuildPhase;
			buildActionMask = 2147483647;
			files = (
				AEC6C3071DD1A68900F9ABA0 /* BaseProjectTests.m in Sources */,
				AE828DEE1DD569E500235DC6 /* BPDBTests.m in Sources */,
				AE828DEC1DD569D700235DC6 /* BPInterfaceTests.m in Sources */,
			);
			runOnlyForDeploymentPostprocessing = 0;
		};
/* End PBXSourcesBuildPhase section */

/* Begin PBXTargetDependency section */
		AEC6C30A1DD1A68900F9ABA0 /* PBXTargetDependency */ = {
			isa = PBXTargetDependency;
			target = AE473E391DCD684900016040 /* BaseProject */;
			targetProxy = AEC6C3091DD1A68900F9ABA0 /* PBXContainerItemProxy */;
		};
/* End PBXTargetDependency section */

/* Begin PBXVariantGroup section */
		AE9D84FA1DCDA60300CAF67F /* LaunchScreen.storyboard */ = {
			isa = PBXVariantGroup;
			children = (
				AE9D84FB1DCDA60300CAF67F /* Base */,
				AEC02F821DD047E100710A62 /* zh-Hans */,
			);
			name = LaunchScreen.storyboard;
			sourceTree = "<group>";
		};
		AEC02F871DD04C1700710A62 /* InfoPlist.strings */ = {
			isa = PBXVariantGroup;
			children = (
				AEC02F861DD04C1700710A62 /* zh-Hans */,
				AEC02F891DD04C5800710A62 /* en */,
			);
			name = InfoPlist.strings;
			sourceTree = "<group>";
		};
		AEC02F8E1DD0532C00710A62 /* Localizable.strings */ = {
			isa = PBXVariantGroup;
			children = (
				AEC02F8D1DD0532C00710A62 /* en */,
				AEC02F8F1DD0532D00710A62 /* zh-Hans */,
			);
			name = Localizable.strings;
			sourceTree = "<group>";
		};
		AEC02FA11DD059EA00710A62 /* avatar@2x.png */ = {
			isa = PBXVariantGroup;
			children = (
				AEC02FA01DD059EA00710A62 /* zh-Hans */,
				AEC02FA21DD05C2100710A62 /* en */,
			);
			name = "avatar@2x.png";
			sourceTree = "<group>";
		};
/* End PBXVariantGroup section */

/* Begin XCBuildConfiguration section */
		AE473E4F1DCD684900016040 /* Debug */ = {
			isa = XCBuildConfiguration;
			buildSettings = {
				ALWAYS_SEARCH_USER_PATHS = NO;
				CLANG_ANALYZER_LOCALIZABILITY_NONLOCALIZED = YES;
				CLANG_ANALYZER_NONNULL = YES;
				CLANG_CXX_LANGUAGE_STANDARD = "gnu++0x";
				CLANG_CXX_LIBRARY = "libc++";
				CLANG_ENABLE_MODULES = YES;
				CLANG_ENABLE_OBJC_ARC = YES;
				CLANG_WARN_BOOL_CONVERSION = YES;
				CLANG_WARN_CONSTANT_CONVERSION = YES;
				CLANG_WARN_DIRECT_OBJC_ISA_USAGE = YES_ERROR;
				CLANG_WARN_DOCUMENTATION_COMMENTS = YES;
				CLANG_WARN_EMPTY_BODY = YES;
				CLANG_WARN_ENUM_CONVERSION = YES;
				CLANG_WARN_INFINITE_RECURSION = YES;
				CLANG_WARN_INT_CONVERSION = YES;
				CLANG_WARN_OBJC_ROOT_CLASS = YES_ERROR;
				CLANG_WARN_SUSPICIOUS_MOVE = YES;
				CLANG_WARN_SUSPICIOUS_MOVES = YES;
				CLANG_WARN_UNREACHABLE_CODE = YES;
				CLANG_WARN__DUPLICATE_METHOD_MATCH = YES;
				"CODE_SIGN_IDENTITY[sdk=iphoneos*]" = "iPhone Developer";
				COPY_PHASE_STRIP = NO;
				DEBUG_INFORMATION_FORMAT = dwarf;
				ENABLE_STRICT_OBJC_MSGSEND = YES;
				ENABLE_TESTABILITY = YES;
				GCC_C_LANGUAGE_STANDARD = gnu99;
				GCC_DYNAMIC_NO_PIC = NO;
				GCC_NO_COMMON_BLOCKS = YES;
				GCC_OPTIMIZATION_LEVEL = 0;
				GCC_PREPROCESSOR_DEFINITIONS = (
					"DEBUG=1",
					"$(inherited)",
				);
				GCC_WARN_64_TO_32_BIT_CONVERSION = YES;
				GCC_WARN_ABOUT_RETURN_TYPE = YES_ERROR;
				GCC_WARN_UNDECLARED_SELECTOR = YES;
				GCC_WARN_UNINITIALIZED_AUTOS = YES_AGGRESSIVE;
				GCC_WARN_UNUSED_FUNCTION = YES;
				GCC_WARN_UNUSED_VARIABLE = YES;
				IPHONEOS_DEPLOYMENT_TARGET = 10.0;
				MTL_ENABLE_DEBUG_INFO = YES;
				ONLY_ACTIVE_ARCH = YES;
				SDKROOT = iphoneos;
				TARGETED_DEVICE_FAMILY = "1,2";
			};
			name = Debug;
		};
		AE473E501DCD684900016040 /* Release */ = {
			isa = XCBuildConfiguration;
			buildSettings = {
				ALWAYS_SEARCH_USER_PATHS = NO;
				CLANG_ANALYZER_LOCALIZABILITY_NONLOCALIZED = YES;
				CLANG_ANALYZER_NONNULL = YES;
				CLANG_CXX_LANGUAGE_STANDARD = "gnu++0x";
				CLANG_CXX_LIBRARY = "libc++";
				CLANG_ENABLE_MODULES = YES;
				CLANG_ENABLE_OBJC_ARC = YES;
				CLANG_WARN_BOOL_CONVERSION = YES;
				CLANG_WARN_CONSTANT_CONVERSION = YES;
				CLANG_WARN_DIRECT_OBJC_ISA_USAGE = YES_ERROR;
				CLANG_WARN_DOCUMENTATION_COMMENTS = YES;
				CLANG_WARN_EMPTY_BODY = YES;
				CLANG_WARN_ENUM_CONVERSION = YES;
				CLANG_WARN_INFINITE_RECURSION = YES;
				CLANG_WARN_INT_CONVERSION = YES;
				CLANG_WARN_OBJC_ROOT_CLASS = YES_ERROR;
				CLANG_WARN_SUSPICIOUS_MOVE = YES;
				CLANG_WARN_SUSPICIOUS_MOVES = YES;
				CLANG_WARN_UNREACHABLE_CODE = YES;
				CLANG_WARN__DUPLICATE_METHOD_MATCH = YES;
				"CODE_SIGN_IDENTITY[sdk=iphoneos*]" = "iPhone Developer";
				COPY_PHASE_STRIP = NO;
				DEBUG_INFORMATION_FORMAT = "dwarf-with-dsym";
				ENABLE_NS_ASSERTIONS = NO;
				ENABLE_STRICT_OBJC_MSGSEND = YES;
				GCC_C_LANGUAGE_STANDARD = gnu99;
				GCC_NO_COMMON_BLOCKS = YES;
				GCC_WARN_64_TO_32_BIT_CONVERSION = YES;
				GCC_WARN_ABOUT_RETURN_TYPE = YES_ERROR;
				GCC_WARN_UNDECLARED_SELECTOR = YES;
				GCC_WARN_UNINITIALIZED_AUTOS = YES_AGGRESSIVE;
				GCC_WARN_UNUSED_FUNCTION = YES;
				GCC_WARN_UNUSED_VARIABLE = YES;
				IPHONEOS_DEPLOYMENT_TARGET = 10.0;
				MTL_ENABLE_DEBUG_INFO = NO;
				SDKROOT = iphoneos;
				TARGETED_DEVICE_FAMILY = "1,2";
				VALIDATE_PRODUCT = YES;
			};
			name = Release;
		};
		AE473E521DCD684900016040 /* Debug */ = {
			isa = XCBuildConfiguration;
			baseConfigurationReference = A64EFFB3F224598667B2063F /* Pods-BaseProject.debug.xcconfig */;
			buildSettings = {
				ASSETCATALOG_COMPILER_APPICON_NAME = AppIcon;
				DEVELOPMENT_TEAM = ED9B32BGG8;
				GCC_PRECOMPILE_PREFIX_HEADER = YES;
				GCC_PREFIX_HEADER = "$(SRCROOT)/BaseProject/Common/Util/PrefixHeader.pch";
				GCC_WARN_INHIBIT_ALL_WARNINGS = YES;
				INFOPLIST_FILE = "$(SRCROOT)/BaseProject/Supporting Files/Info.plist";
				IPHONEOS_DEPLOYMENT_TARGET = 8.0;
				LD_RUNPATH_SEARCH_PATHS = "$(inherited) @executable_path/Frameworks";
				LIBRARY_SEARCH_PATHS = (
					"$(inherited)",
					"$(PROJECT_DIR)/BaseProject/ThirdParty/Baidu",
					"$(PROJECT_DIR)/BaseProject/ThirdParty/JPush",
				);
				PRODUCT_BUNDLE_IDENTIFIER = com.GeekRRK.BaseProject;
				PRODUCT_NAME = "$(TARGET_NAME)";
			};
			name = Debug;
		};
		AE473E531DCD684900016040 /* Release */ = {
			isa = XCBuildConfiguration;
			baseConfigurationReference = 43C4864AB0CC3C3E1DEEE553 /* Pods-BaseProject.release.xcconfig */;
			buildSettings = {
				ASSETCATALOG_COMPILER_APPICON_NAME = AppIcon;
				DEVELOPMENT_TEAM = ED9B32BGG8;
				GCC_PRECOMPILE_PREFIX_HEADER = YES;
				GCC_PREFIX_HEADER = "$(SRCROOT)/BaseProject/Common/Util/PrefixHeader.pch";
				GCC_WARN_INHIBIT_ALL_WARNINGS = YES;
				INFOPLIST_FILE = "$(SRCROOT)/BaseProject/Supporting Files/Info.plist";
				IPHONEOS_DEPLOYMENT_TARGET = 8.0;
				LD_RUNPATH_SEARCH_PATHS = "$(inherited) @executable_path/Frameworks";
				LIBRARY_SEARCH_PATHS = (
					"$(inherited)",
					"$(PROJECT_DIR)/BaseProject/ThirdParty/Baidu",
					"$(PROJECT_DIR)/BaseProject/ThirdParty/JPush",
				);
				PRODUCT_BUNDLE_IDENTIFIER = com.GeekRRK.BaseProject;
				PRODUCT_NAME = "$(TARGET_NAME)";
			};
			name = Release;
		};
		AEC6C30C1DD1A68900F9ABA0 /* Debug */ = {
			isa = XCBuildConfiguration;
			buildSettings = {
				BUNDLE_LOADER = "$(TEST_HOST)";
				GCC_PRECOMPILE_PREFIX_HEADER = YES;
				GCC_PREFIX_HEADER = "$(SRCROOT)/BaseProject/Util/PrefixHeader.pch";
				INFOPLIST_FILE = BaseProjectTests/Info.plist;
				LD_RUNPATH_SEARCH_PATHS = "$(inherited) @executable_path/Frameworks @loader_path/Frameworks";
				PRODUCT_BUNDLE_IDENTIFIER = com.GeekRRK.BaseProjectTests;
				PRODUCT_NAME = "$(TARGET_NAME)";
				TEST_HOST = "$(BUILT_PRODUCTS_DIR)/BaseProject.app/BaseProject";
			};
			name = Debug;
		};
		AEC6C30D1DD1A68900F9ABA0 /* Release */ = {
			isa = XCBuildConfiguration;
			buildSettings = {
				BUNDLE_LOADER = "$(TEST_HOST)";
				GCC_PRECOMPILE_PREFIX_HEADER = YES;
				GCC_PREFIX_HEADER = "$(SRCROOT)/BaseProject/Util/PrefixHeader.pch";
				INFOPLIST_FILE = BaseProjectTests/Info.plist;
				LD_RUNPATH_SEARCH_PATHS = "$(inherited) @executable_path/Frameworks @loader_path/Frameworks";
				PRODUCT_BUNDLE_IDENTIFIER = com.GeekRRK.BaseProjectTests;
				PRODUCT_NAME = "$(TARGET_NAME)";
				TEST_HOST = "$(BUILT_PRODUCTS_DIR)/BaseProject.app/BaseProject";
			};
			name = Release;
		};
/* End XCBuildConfiguration section */

/* Begin XCConfigurationList section */
		AE473E351DCD684900016040 /* Build configuration list for PBXProject "BaseProject" */ = {
			isa = XCConfigurationList;
			buildConfigurations = (
				AE473E4F1DCD684900016040 /* Debug */,
				AE473E501DCD684900016040 /* Release */,
			);
			defaultConfigurationIsVisible = 0;
			defaultConfigurationName = Release;
		};
		AE473E511DCD684900016040 /* Build configuration list for PBXNativeTarget "BaseProject" */ = {
			isa = XCConfigurationList;
			buildConfigurations = (
				AE473E521DCD684900016040 /* Debug */,
				AE473E531DCD684900016040 /* Release */,
			);
			defaultConfigurationIsVisible = 0;
			defaultConfigurationName = Release;
		};
		AEC6C30B1DD1A68900F9ABA0 /* Build configuration list for PBXNativeTarget "BaseProjectTests" */ = {
			isa = XCConfigurationList;
			buildConfigurations = (
				AEC6C30C1DD1A68900F9ABA0 /* Debug */,
				AEC6C30D1DD1A68900F9ABA0 /* Release */,
			);
			defaultConfigurationIsVisible = 0;
			defaultConfigurationName = Release;
		};
/* End XCConfigurationList section */
	};
	rootObject = AE473E321DCD684900016040 /* Project object */;
}
